
Microsoft Visual Studio Solution File, Format Version 12.00
# Visual Studio 15
VisualStudioVersion = 15.0.28307.1022
MinimumVisualStudioVersion = 10.0.40219.1
Project("{FAE04EC0-301F-11D3-BF4B-00C04F79EFBC}") = "StreamLinkFetcher", "StreamLinkFetcher\StreamLinkFetcher.csproj", "{5E07588A-6665-4B66-B469-EE48F3E41D27}"
EndProject
Global
	GlobalSection(SolutionConfigurationPlatforms) = preSolution
		Debug|Any CPU = Debug|Any CPU
		Release|Any CPU = Release|Any CPU
	EndGlobalSection
	GlobalSection(ProjectConfigurationPlatforms) = postSolution
		{5E07588A-6665-4B66-B469-EE48F3E41D27}.Debug|Any CPU.ActiveCfg = Debug|Any CPU
		{5E07588A-6665-4B66-B469-EE48F3E41D27}.Debug|Any CPU.Build.0 = Debug|Any CPU
		{5E07588A-6665-4B66-B469-EE48F3E41D27}.Release|Any CPU.ActiveCfg = Release|Any CPU
		{5E07588A-6665-4B66-B469-EE48F3E41D27}.Release|Any CPU.Build.0 = Release|Any CPU
	EndGlobalSection
	GlobalSection(SolutionProperties) = preSolution
		HideSolutionNode = FALSE
	EndGlobalSection
	GlobalSection(ExtensibilityGlobals) = postSolution
		SolutionGuid = {2671F440-C044-4F16-BCCD-F041064E23C1}
	EndGlobalSection
EndGlobal
